// !$*UTF8*$!
{
	archiveVersion = 1;
	classes = {
	};
	objectVersion = 50;
	objects = {

/* Begin PBXBuildFile section */
		107C36A125D8149F00CEB4EC /* Tests_iOS.swift in Sources */ = {isa = PBXBuildFile; fileRef = 107C36A025D8149F00CEB4EC /* Tests_iOS.swift */; };
		107C36AC25D8149F00CEB4EC /* Tests_macOS.swift in Sources */ = {isa = PBXBuildFile; fileRef = 107C36AB25D8149F00CEB4EC /* Tests_macOS.swift */; };
		107C36AE25D8149F00CEB4EC /* DummyApp.swift in Sources */ = {isa = PBXBuildFile; fileRef = 107C368525D8149800CEB4EC /* DummyApp.swift */; };
		107C36AF25D8149F00CEB4EC /* DummyApp.swift in Sources */ = {isa = PBXBuildFile; fileRef = 107C368525D8149800CEB4EC /* DummyApp.swift */; };
		107C36B025D8149F00CEB4EC /* ContentView.swift in Sources */ = {isa = PBXBuildFile; fileRef = 107C368625D8149800CEB4EC /* ContentView.swift */; };
		107C36B125D8149F00CEB4EC /* ContentView.swift in Sources */ = {isa = PBXBuildFile; fileRef = 107C368625D8149800CEB4EC /* ContentView.swift */; };
		107C36B225D8149F00CEB4EC /* Assets.xcassets in Resources */ = {isa = PBXBuildFile; fileRef = 107C368725D8149F00CEB4EC /* Assets.xcassets */; };
		107C36B325D8149F00CEB4EC /* Assets.xcassets in Resources */ = {isa = PBXBuildFile; fileRef = 107C368725D8149F00CEB4EC /* Assets.xcassets */; };
/* End PBXBuildFile section */

/* Begin PBXContainerItemProxy section */
		107C369D25D8149F00CEB4EC /* PBXContainerItemProxy */ = {
			isa = PBXContainerItemProxy;
			containerPortal = 107C368025D8149800CEB4EC /* Project object */;
			proxyType = 1;
			remoteGlobalIDString = 107C368B25D8149F00CEB4EC;
			remoteInfo = "Dummy (iOS)";
		};
		107C36A825D8149F00CEB4EC /* PBXContainerItemProxy */ = {
			isa = PBXContainerItemProxy;
			containerPortal = 107C368025D8149800CEB4EC /* Project object */;
			proxyType = 1;
			remoteGlobalIDString = 107C369325D8149F00CEB4EC;
			remoteInfo = "Dummy (macOS)";
		};
/* End PBXContainerItemProxy section */

/* Begin PBXFileReference section */
		107C368525D8149800CEB4EC /* DummyApp.swift */ = {isa = PBXFileReference; lastKnownFileType = sourcecode.swift; path = DummyApp.swift; sourceTree = "<group>"; };
		107C368625D8149800CEB4EC /* ContentView.swift */ = {isa = PBXFileReference; lastKnownFileType = sourcecode.swift; path = ContentView.swift; sourceTree = "<group>"; };
		107C368725D8149F00CEB4EC /* Assets.xcassets */ = {isa = PBXFileReference; lastKnownFileType = folder.assetcatalog; path = Assets.xcassets; sourceTree = "<group>"; };
		107C368C25D8149F00CEB4EC /* Dummy.app */ = {isa = PBXFileReference; explicitFileType = wrapper.application; includeInIndex = 0; path = Dummy.app; sourceTree = BUILT_PRODUCTS_DIR; };
		107C368F25D8149F00CEB4EC /* Info.plist */ = {isa = PBXFileReference; lastKnownFileType = text.plist.xml; path = Info.plist; sourceTree = "<group>"; };
		107C369425D8149F00CEB4EC /* Dummy.app */ = {isa = PBXFileReference; explicitFileType = wrapper.application; includeInIndex = 0; path = Dummy.app; sourceTree = BUILT_PRODUCTS_DIR; };
		107C369625D8149F00CEB4EC /* Info.plist */ = {isa = PBXFileReference; lastKnownFileType = text.plist.xml; path = Info.plist; sourceTree = "<group>"; };
		107C369725D8149F00CEB4EC /* macOS.entitlements */ = {isa = PBXFileReference; lastKnownFileType = text.plist.entitlements; path = macOS.entitlements; sourceTree = "<group>"; };
		107C369C25D8149F00CEB4EC /* Tests iOS.xctest */ = {isa = PBXFileReference; explicitFileType = wrapper.cfbundle; includeInIndex = 0; path = "Tests iOS.xctest"; sourceTree = BUILT_PRODUCTS_DIR; };
		107C36A025D8149F00CEB4EC /* Tests_iOS.swift */ = {isa = PBXFileReference; lastKnownFileType = sourcecode.swift; path = Tests_iOS.swift; sourceTree = "<group>"; };
		107C36A225D8149F00CEB4EC /* Info.plist */ = {isa = PBXFileReference; lastKnownFileType = text.plist.xml; path = Info.plist; sourceTree = "<group>"; };
		107C36A725D8149F00CEB4EC /* Tests macOS.xctest */ = {isa = PBXFileReference; explicitFileType = wrapper.cfbundle; includeInIndex = 0; path = "Tests macOS.xctest"; sourceTree = BUILT_PRODUCTS_DIR; };
		107C36AB25D8149F00CEB4EC /* Tests_macOS.swift */ = {isa = PBXFileReference; lastKnownFileType = sourcecode.swift; path = Tests_macOS.swift; sourceTree = "<group>"; };
		107C36AD25D8149F00CEB4EC /* Info.plist */ = {isa = PBXFileReference; lastKnownFileType = text.plist.xml; path = Info.plist; sourceTree = "<group>"; };
/* End PBXFileReference section */

/* Begin PBXFrameworksBuildPhase section */
		107C368925D8149F00CEB4EC /* Frameworks */ = {
			isa = PBXFrameworksBuildPhase;
			buildActionMask = 2147483647;
			files = (
			);
			runOnlyForDeploymentPostprocessing = 0;
		};
		107C369125D8149F00CEB4EC /* Frameworks */ = {
			isa = PBXFrameworksBuildPhase;
			buildActionMask = 2147483647;
			files = (
			);
			runOnlyForDeploymentPostprocessing = 0;
		};
		107C369925D8149F00CEB4EC /* Frameworks */ = {
			isa = PBXFrameworksBuildPhase;
			buildActionMask = 2147483647;
			files = (
			);
			runOnlyForDeploymentPostprocessing = 0;
		};
		107C36A425D8149F00CEB4EC /* Frameworks */ = {
			isa = PBXFrameworksBuildPhase;
			buildActionMask = 2147483647;
			files = (
			);
			runOnlyForDeploymentPostprocessing = 0;
		};
/* End PBXFrameworksBuildPhase section */

/* Begin PBXGroup section */
		107C367F25D8149800CEB4EC = {
			isa = PBXGroup;
			children = (
				107C368425D8149800CEB4EC /* Shared */,
				107C368E25D8149F00CEB4EC /* iOS */,
				107C369525D8149F00CEB4EC /* macOS */,
				107C369F25D8149F00CEB4EC /* Tests iOS */,
				107C36AA25D8149F00CEB4EC /* Tests macOS */,
				107C368D25D8149F00CEB4EC /* Products */,
			);
			sourceTree = "<group>";
		};
		107C368425D8149800CEB4EC /* Shared */ = {
			isa = PBXGroup;
			children = (
				107C368525D8149800CEB4EC /* DummyApp.swift */,
				107C368625D8149800CEB4EC /* ContentView.swift */,
				107C368725D8149F00CEB4EC /* Assets.xcassets */,
			);
			path = Shared;
			sourceTree = "<group>";
		};
		107C368D25D8149F00CEB4EC /* Products */ = {
			isa = PBXGroup;
			children = (
				107C368C25D8149F00CEB4EC /* Dummy.app */,
				107C369425D8149F00CEB4EC /* Dummy.app */,
				107C369C25D8149F00CEB4EC /* Tests iOS.xctest */,
				107C36A725D8149F00CEB4EC /* Tests macOS.xctest */,
			);
			name = Products;
			sourceTree = "<group>";
		};
		107C368E25D8149F00CEB4EC /* iOS */ = {
			isa = PBXGroup;
			children = (
				107C368F25D8149F00CEB4EC /* Info.plist */,
			);
			path = iOS;
			sourceTree = "<group>";
		};
		107C369525D8149F00CEB4EC /* macOS */ = {
			isa = PBXGroup;
			children = (
				107C369625D8149F00CEB4EC /* Info.plist */,
				107C369725D8149F00CEB4EC /* macOS.entitlements */,
			);
			path = macOS;
			sourceTree = "<group>";
		};
		107C369F25D8149F00CEB4EC /* Tests iOS */ = {
			isa = PBXGroup;
			children = (
				107C36A025D8149F00CEB4EC /* Tests_iOS.swift */,
				107C36A225D8149F00CEB4EC /* Info.plist */,
			);
			path = "Tests iOS";
			sourceTree = "<group>";
		};
		107C36AA25D8149F00CEB4EC /* Tests macOS */ = {
			isa = PBXGroup;
			children = (
				107C36AB25D8149F00CEB4EC /* Tests_macOS.swift */,
				107C36AD25D8149F00CEB4EC /* Info.plist */,
			);
			path = "Tests macOS";
			sourceTree = "<group>";
		};
/* End PBXGroup section */

/* Begin PBXNativeTarget section */
		107C368B25D8149F00CEB4EC /* Dummy (iOS) */ = {
			isa = PBXNativeTarget;
			buildConfigurationList = 107C36B625D8149F00CEB4EC /* Build configuration list for PBXNativeTarget "Dummy (iOS)" */;
			buildPhases = (
				107C368825D8149F00CEB4EC /* Sources */,
				107C368925D8149F00CEB4EC /* Frameworks */,
				107C368A25D8149F00CEB4EC /* Resources */,
			);
			buildRules = (
			);
			dependencies = (
			);
			name = "Dummy (iOS)";
			productName = "Dummy (iOS)";
			productReference = 107C368C25D8149F00CEB4EC /* Dummy.app */;
			productType = "com.apple.product-type.application";
		};
		107C369325D8149F00CEB4EC /* Dummy (macOS) */ = {
			isa = PBXNativeTarget;
			buildConfigurationList = 107C36B925D8149F00CEB4EC /* Build configuration list for PBXNativeTarget "Dummy (macOS)" */;
			buildPhases = (
				107C369025D8149F00CEB4EC /* Sources */,
				107C369125D8149F00CEB4EC /* Frameworks */,
				107C369225D8149F00CEB4EC /* Resources */,
			);
			buildRules = (
			);
			dependencies = (
			);
			name = "Dummy (macOS)";
			productName = "Dummy (macOS)";
			productReference = 107C369425D8149F00CEB4EC /* Dummy.app */;
			productType = "com.apple.product-type.application";
		};
		107C369B25D8149F00CEB4EC /* Tests iOS */ = {
			isa = PBXNativeTarget;
			buildConfigurationList = 107C36BC25D8149F00CEB4EC /* Build configuration list for PBXNativeTarget "Tests iOS" */;
			buildPhases = (
				107C369825D8149F00CEB4EC /* Sources */,
				107C369925D8149F00CEB4EC /* Frameworks */,
				107C369A25D8149F00CEB4EC /* Resources */,
			);
			buildRules = (
			);
			dependencies = (
				107C369E25D8149F00CEB4EC /* PBXTargetDependency */,
			);
			name = "Tests iOS";
			productName = "Tests iOS";
			productReference = 107C369C25D8149F00CEB4EC /* Tests iOS.xctest */;
			productType = "com.apple.product-type.bundle.ui-testing";
		};
		107C36A625D8149F00CEB4EC /* Tests macOS */ = {
			isa = PBXNativeTarget;
			buildConfigurationList = 107C36BF25D8149F00CEB4EC /* Build configuration list for PBXNativeTarget "Tests macOS" */;
			buildPhases = (
				107C36A325D8149F00CEB4EC /* Sources */,
				107C36A425D8149F00CEB4EC /* Frameworks */,
				107C36A525D8149F00CEB4EC /* Resources */,
			);
			buildRules = (
			);
			dependencies = (
				107C36A925D8149F00CEB4EC /* PBXTargetDependency */,
			);
			name = "Tests macOS";
			productName = "Tests macOS";
			productReference = 107C36A725D8149F00CEB4EC /* Tests macOS.xctest */;
			productType = "com.apple.product-type.bundle.ui-testing";
		};
/* End PBXNativeTarget section */

/* Begin PBXProject section */
		107C368025D8149800CEB4EC /* Project object */ = {
			isa = PBXProject;
			attributes = {
				LastSwiftUpdateCheck = 1240;
				LastUpgradeCheck = 1240;
				TargetAttributes = {
					107C368B25D8149F00CEB4EC = {
						CreatedOnToolsVersion = 12.4;
					};
					107C369325D8149F00CEB4EC = {
						CreatedOnToolsVersion = 12.4;
					};
					107C369B25D8149F00CEB4EC = {
						CreatedOnToolsVersion = 12.4;
						TestTargetID = 107C368B25D8149F00CEB4EC;
					};
					107C36A625D8149F00CEB4EC = {
						CreatedOnToolsVersion = 12.4;
						TestTargetID = 107C369325D8149F00CEB4EC;
					};
				};
			};
			buildConfigurationList = 107C368325D8149800CEB4EC /* Build configuration list for PBXProject "Dummy" */;
			compatibilityVersion = "Xcode 9.3";
			developmentRegion = en;
			hasScannedForEncodings = 0;
			knownRegions = (
				en,
				Base,
			);
			mainGroup = 107C367F25D8149800CEB4EC;
			productRefGroup = 107C368D25D8149F00CEB4EC /* Products */;
			projectDirPath = "";
			projectRoot = "";
			targets = (
				107C368B25D8149F00CEB4EC /* Dummy (iOS) */,
				107C369325D8149F00CEB4EC /* Dummy (macOS) */,
				107C369B25D8149F00CEB4EC /* Tests iOS */,
				107C36A625D8149F00CEB4EC /* Tests macOS */,
			);
		};
/* End PBXProject section */

/* Begin PBXResourcesBuildPhase section */
		107C368A25D8149F00CEB4EC /* Resources */ = {
			isa = PBXResourcesBuildPhase;
			buildActionMask = 2147483647;
			files = (
				107C36B225D8149F00CEB4EC /* Assets.xcassets in Resources */,
			);
			runOnlyForDeploymentPostprocessing = 0;
		};
		107C369225D8149F00CEB4EC /* Resources */ = {
			isa = PBXResourcesBuildPhase;
			buildActionMask = 2147483647;
			files = (
				107C36B325D8149F00CEB4EC /* Assets.xcassets in Resources */,
			);
			runOnlyForDeploymentPostprocessing = 0;
		};
		107C369A25D8149F00CEB4EC /* Resources */ = {
			isa = PBXResourcesBuildPhase;
			buildActionMask = 2147483647;
			files = (
			);
			runOnlyForDeploymentPostprocessing = 0;
		};
		107C36A525D8149F00CEB4EC /* Resources */ = {
			isa = PBXResourcesBuildPhase;
			buildActionMask = 2147483647;
			files = (
			);
			runOnlyForDeploymentPostprocessing = 0;
		};
/* End PBXResourcesBuildPhase section */

/* Begin PBXSourcesBuildPhase section */
		107C368825D8149F00CEB4EC /* Sources */ = {
			isa = PBXSourcesBuildPhase;
			buildActionMask = 2147483647;
			files = (
				107C36B025D8149F00CEB4EC /* ContentView.swift in Sources */,
				107C36AE25D8149F00CEB4EC /* DummyApp.swift in Sources */,
			);
			runOnlyForDeploymentPostprocessing = 0;
		};
		107C369025D8149F00CEB4EC /* Sources */ = {
			isa = PBXSourcesBuildPhase;
			buildActionMask = 2147483647;
			files = (
				107C36B125D8149F00CEB4EC /* ContentView.swift in Sources */,
				107C36AF25D8149F00CEB4EC /* DummyApp.swift in Sources */,
			);
			runOnlyForDeploymentPostprocessing = 0;
		};
		107C369825D8149F00CEB4EC /* Sources */ = {
			isa = PBXSourcesBuildPhase;
			buildActionMask = 2147483647;
			files = (
				107C36A125D8149F00CEB4EC /* Tests_iOS.swift in Sources */,
			);
			runOnlyForDeploymentPostprocessing = 0;
		};
		107C36A325D8149F00CEB4EC /* Sources */ = {
			isa = PBXSourcesBuildPhase;
			buildActionMask = 2147483647;
			files = (
				107C36AC25D8149F00CEB4EC /* Tests_macOS.swift in Sources */,
			);
			runOnlyForDeploymentPostprocessing = 0;
		};
/* End PBXSourcesBuildPhase section */

/* Begin PBXTargetDependency section */
		107C369E25D8149F00CEB4EC /* PBXTargetDependency */ = {
			isa = PBXTargetDependency;
			target = 107C368B25D8149F00CEB4EC /* Dummy (iOS) */;
			targetProxy = 107C369D25D8149F00CEB4EC /* PBXContainerItemProxy */;
		};
		107C36A925D8149F00CEB4EC /* PBXTargetDependency */ = {
			isa = PBXTargetDependency;
			target = 107C369325D8149F00CEB4EC /* Dummy (macOS) */;
			targetProxy = 107C36A825D8149F00CEB4EC /* PBXContainerItemProxy */;
		};
/* End PBXTargetDependency section */

/* Begin XCBuildConfiguration section */
		107C36B425D8149F00CEB4EC /* Debug */ = {
			isa = XCBuildConfiguration;
			buildSettings = {
				ALWAYS_SEARCH_USER_PATHS = NO;
				CLANG_ANALYZER_NONNULL = YES;
				CLANG_ANALYZER_NUMBER_OBJECT_CONVERSION = YES_AGGRESSIVE;
				CLANG_CXX_LANGUAGE_STANDARD = "gnu++14";
				CLANG_CXX_LIBRARY = "libc++";
				CLANG_ENABLE_MODULES = YES;
				CLANG_ENABLE_OBJC_ARC = YES;
				CLANG_ENABLE_OBJC_WEAK = YES;
				CLANG_WARN_BLOCK_CAPTURE_AUTORELEASING = YES;
				CLANG_WARN_BOOL_CONVERSION = YES;
				CLANG_WARN_COMMA = YES;
				CLANG_WARN_CONSTANT_CONVERSION = YES;
				CLANG_WARN_DEPRECATED_OBJC_IMPLEMENTATIONS = YES;
				CLANG_WARN_DIRECT_OBJC_ISA_USAGE = YES_ERROR;
				CLANG_WARN_DOCUMENTATION_COMMENTS = YES;
				CLANG_WARN_EMPTY_BODY = YES;
				CLANG_WARN_ENUM_CONVERSION = YES;
				CLANG_WARN_INFINITE_RECURSION = YES;
				CLANG_WARN_INT_CONVERSION = YES;
				CLANG_WARN_NON_LITERAL_NULL_CONVERSION = YES;
				CLANG_WARN_OBJC_IMPLICIT_RETAIN_SELF = YES;
				CLANG_WARN_OBJC_LITERAL_CONVERSION = YES;
				CLANG_WARN_OBJC_ROOT_CLASS = YES_ERROR;
				CLANG_WARN_QUOTED_INCLUDE_IN_FRAMEWORK_HEADER = YES;
				CLANG_WARN_RANGE_LOOP_ANALYSIS = YES;
				CLANG_WARN_STRICT_PROTOTYPES = YES;
				CLANG_WARN_SUSPICIOUS_MOVE = YES;
				CLANG_WARN_UNGUARDED_AVAILABILITY = YES_AGGRESSIVE;
				CLANG_WARN_UNREACHABLE_CODE = YES;
				CLANG_WARN__DUPLICATE_METHOD_MATCH = YES;
				COPY_PHASE_STRIP = NO;
				DEBUG_INFORMATION_FORMAT = dwarf;
				ENABLE_STRICT_OBJC_MSGSEND = YES;
				ENABLE_TESTABILITY = YES;
				GCC_C_LANGUAGE_STANDARD = gnu11;
				GCC_DYNAMIC_NO_PIC = NO;
				GCC_NO_COMMON_BLOCKS = YES;
				GCC_OPTIMIZATION_LEVEL = 0;
				GCC_PREPROCESSOR_DEFINITIONS = (
					"DEBUG=1",
					"$(inherited)",
				);
				GCC_WARN_64_TO_32_BIT_CONVERSION = YES;
				GCC_WARN_ABOUT_RETURN_TYPE = YES_ERROR;
				GCC_WARN_UNDECLARED_SELECTOR = YES;
				GCC_WARN_UNINITIALIZED_AUTOS = YES_AGGRESSIVE;
				GCC_WARN_UNUSED_FUNCTION = YES;
				GCC_WARN_UNUSED_VARIABLE = YES;
				MTL_ENABLE_DEBUG_INFO = INCLUDE_SOURCE;
				MTL_FAST_MATH = YES;
				ONLY_ACTIVE_ARCH = YES;
				SWIFT_ACTIVE_COMPILATION_CONDITIONS = DEBUG;
				SWIFT_OPTIMIZATION_LEVEL = "-Onone";
			};
			name = Debug;
		};
		107C36B525D8149F00CEB4EC /* Release */ = {
			isa = XCBuildConfiguration;
			buildSettings = {
				ALWAYS_SEARCH_USER_PATHS = NO;
				CLANG_ANALYZER_NONNULL = YES;
				CLANG_ANALYZER_NUMBER_OBJECT_CONVERSION = YES_AGGRESSIVE;
				CLANG_CXX_LANGUAGE_STANDARD = "gnu++14";
				CLANG_CXX_LIBRARY = "libc++";
				CLANG_ENABLE_MODULES = YES;
				CLANG_ENABLE_OBJC_ARC = YES;
				CLANG_ENABLE_OBJC_WEAK = YES;
				CLANG_WARN_BLOCK_CAPTURE_AUTORELEASING = YES;
				CLANG_WARN_BOOL_CONVERSION = YES;
				CLANG_WARN_COMMA = YES;
				CLANG_WARN_CONSTANT_CONVERSION = YES;
				CLANG_WARN_DEPRECATED_OBJC_IMPLEMENTATIONS = YES;
				CLANG_WARN_DIRECT_OBJC_ISA_USAGE = YES_ERROR;
				CLANG_WARN_DOCUMENTATION_COMMENTS = YES;
				CLANG_WARN_EMPTY_BODY = YES;
				CLANG_WARN_ENUM_CONVERSION = YES;
				CLANG_WARN_INFINITE_RECURSION = YES;
				CLANG_WARN_INT_CONVERSION = YES;
				CLANG_WARN_NON_LITERAL_NULL_CONVERSION = YES;
				CLANG_WARN_OBJC_IMPLICIT_RETAIN_SELF = YES;
				CLANG_WARN_OBJC_LITERAL_CONVERSION = YES;
				CLANG_WARN_OBJC_ROOT_CLASS = YES_ERROR;
				CLANG_WARN_QUOTED_INCLUDE_IN_FRAMEWORK_HEADER = YES;
				CLANG_WARN_RANGE_LOOP_ANALYSIS = YES;
				CLANG_WARN_STRICT_PROTOTYPES = YES;
				CLANG_WARN_SUSPICIOUS_MOVE = YES;
				CLANG_WARN_UNGUARDED_AVAILABILITY = YES_AGGRESSIVE;
				CLANG_WARN_UNREACHABLE_CODE = YES;
				CLANG_WARN__DUPLICATE_METHOD_MATCH = YES;
				COPY_PHASE_STRIP = NO;
				DEBUG_INFORMATION_FORMAT = "dwarf-with-dsym";
				ENABLE_NS_ASSERTIONS = NO;
				ENABLE_STRICT_OBJC_MSGSEND = YES;
				GCC_C_LANGUAGE_STANDARD = gnu11;
				GCC_NO_COMMON_BLOCKS = YES;
				GCC_WARN_64_TO_32_BIT_CONVERSION = YES;
				GCC_WARN_ABOUT_RETURN_TYPE = YES_ERROR;
				GCC_WARN_UNDECLARED_SELECTOR = YES;
				GCC_WARN_UNINITIALIZED_AUTOS = YES_AGGRESSIVE;
				GCC_WARN_UNUSED_FUNCTION = YES;
				GCC_WARN_UNUSED_VARIABLE = YES;
				MTL_ENABLE_DEBUG_INFO = NO;
				MTL_FAST_MATH = YES;
				SWIFT_COMPILATION_MODE = wholemodule;
				SWIFT_OPTIMIZATION_LEVEL = "-O";
			};
			name = Release;
		};
		107C36B725D8149F00CEB4EC /* Debug */ = {
			isa = XCBuildConfiguration;
			buildSettings = {
				ASSETCATALOG_COMPILER_APPICON_NAME = AppIcon;
				ASSETCATALOG_COMPILER_GLOBAL_ACCENT_COLOR_NAME = AccentColor;
				CODE_SIGN_STYLE = Automatic;
				ENABLE_PREVIEWS = YES;
				INFOPLIST_FILE = iOS/Info.plist;
				IPHONEOS_DEPLOYMENT_TARGET = 14.0;
				LD_RUNPATH_SEARCH_PATHS = (
					"$(inherited)",
					"@executable_path/Frameworks",
				);
				PRODUCT_BUNDLE_IDENTIFIER = dummy.Dummy;
				PRODUCT_NAME = Dummy;
				SDKROOT = iphoneos;
				SWIFT_VERSION = 5.0;
				TARGETED_DEVICE_FAMILY = "1,2";
			};
			name = Debug;
		};
		107C36B825D8149F00CEB4EC /* Release */ = {
			isa = XCBuildConfiguration;
			buildSettings = {
				ASSETCATALOG_COMPILER_APPICON_NAME = AppIcon;
				ASSETCATALOG_COMPILER_GLOBAL_ACCENT_COLOR_NAME = AccentColor;
				CODE_SIGN_STYLE = Automatic;
				ENABLE_PREVIEWS = YES;
				INFOPLIST_FILE = iOS/Info.plist;
				IPHONEOS_DEPLOYMENT_TARGET = 14.0;
				LD_RUNPATH_SEARCH_PATHS = (
					"$(inherited)",
					"@executable_path/Frameworks",
				);
				PRODUCT_BUNDLE_IDENTIFIER = dummy.Dummy;
				PRODUCT_NAME = Dummy;
				SDKROOT = iphoneos;
				SWIFT_VERSION = 5.0;
				TARGETED_DEVICE_FAMILY = "1,2";
				VALIDATE_PRODUCT = YES;
			};
			name = Release;
		};
		107C36BA25D8149F00CEB4EC /* Debug */ = {
			isa = XCBuildConfiguration;
			buildSettings = {
				ASSETCATALOG_COMPILER_APPICON_NAME = AppIcon;
				ASSETCATALOG_COMPILER_GLOBAL_ACCENT_COLOR_NAME = AccentColor;
				CODE_SIGN_ENTITLEMENTS = macOS/macOS.entitlements;
				CODE_SIGN_STYLE = Automatic;
				COMBINE_HIDPI_IMAGES = YES;
				ENABLE_PREVIEWS = YES;
				INFOPLIST_FILE = macOS/Info.plist;
				LD_RUNPATH_SEARCH_PATHS = (
					"$(inherited)",
					"@executable_path/../Frameworks",
				);
				MACOSX_DEPLOYMENT_TARGET = 11.0;
				PRODUCT_BUNDLE_IDENTIFIER = dummy.Dummy;
				PRODUCT_NAME = Dummy;
				SDKROOT = macosx;
				SWIFT_VERSION = 5.0;
			};
			name = Debug;
		};
		107C36BB25D8149F00CEB4EC /* Release */ = {
			isa = XCBuildConfiguration;
			buildSettings = {
				ASSETCATALOG_COMPILER_APPICON_NAME = AppIcon;
				ASSETCATALOG_COMPILER_GLOBAL_ACCENT_COLOR_NAME = AccentColor;
				CODE_SIGN_ENTITLEMENTS = macOS/macOS.entitlements;
				CODE_SIGN_STYLE = Automatic;
				COMBINE_HIDPI_IMAGES = YES;
				ENABLE_PREVIEWS = YES;
				INFOPLIST_FILE = macOS/Info.plist;
				LD_RUNPATH_SEARCH_PATHS = (
					"$(inherited)",
					"@executable_path/../Frameworks",
				);
				MACOSX_DEPLOYMENT_TARGET = 11.0;
				PRODUCT_BUNDLE_IDENTIFIER = dummy.Dummy;
				PRODUCT_NAME = Dummy;
				SDKROOT = macosx;
				SWIFT_VERSION = 5.0;
			};
			name = Release;
		};
		107C36BD25D8149F00CEB4EC /* Debug */ = {
			isa = XCBuildConfiguration;
			buildSettings = {
				ALWAYS_EMBED_SWIFT_STANDARD_LIBRARIES = YES;
				CODE_SIGN_STYLE = Automatic;
				INFOPLIST_FILE = "Tests iOS/Info.plist";
				IPHONEOS_DEPLOYMENT_TARGET = 14.4;
				LD_RUNPATH_SEARCH_PATHS = (
					"$(inherited)",
					"@executable_path/Frameworks",
					"@loader_path/Frameworks",
				);
				PRODUCT_BUNDLE_IDENTIFIER = "dummy.Tests-iOS";
				PRODUCT_NAME = "$(TARGET_NAME)";
				SDKROOT = iphoneos;
				SWIFT_VERSION = 5.0;
				TARGETED_DEVICE_FAMILY = "1,2";
				TEST_TARGET_NAME = "Dummy (iOS)";
			};
			name = Debug;
		};
		107C36BE25D8149F00CEB4EC /* Release */ = {
			isa = XCBuildConfiguration;
			buildSettings = {
				ALWAYS_EMBED_SWIFT_STANDARD_LIBRARIES = YES;
				CODE_SIGN_STYLE = Automatic;
				INFOPLIST_FILE = "Tests iOS/Info.plist";
				IPHONEOS_DEPLOYMENT_TARGET = 14.4;
				LD_RUNPATH_SEARCH_PATHS = (
					"$(inherited)",
					"@executable_path/Frameworks",
					"@loader_path/Frameworks",
				);
				PRODUCT_BUNDLE_IDENTIFIER = "dummy.Tests-iOS";
				PRODUCT_NAME = "$(TARGET_NAME)";
				SDKROOT = iphoneos;
				SWIFT_VERSION = 5.0;
				TARGETED_DEVICE_FAMILY = "1,2";
				TEST_TARGET_NAME = "Dummy (iOS)";
				VALIDATE_PRODUCT = YES;
			};
			name = Release;
		};
		107C36C025D8149F00CEB4EC /* Debug */ = {
			isa = XCBuildConfiguration;
			buildSettings = {
				ALWAYS_EMBED_SWIFT_STANDARD_LIBRARIES = YES;
				CODE_SIGN_STYLE = Automatic;
				COMBINE_HIDPI_IMAGES = YES;
				INFOPLIST_FILE = "Tests macOS/Info.plist";
				LD_RUNPATH_SEARCH_PATHS = (
					"$(inherited)",
					"@executable_path/../Frameworks",
					"@loader_path/../Frameworks",
				);
				MACOSX_DEPLOYMENT_TARGET = 11.0;
				PRODUCT_BUNDLE_IDENTIFIER = "dummy.Tests-macOS";
				PRODUCT_NAME = "$(TARGET_NAME)";
				SDKROOT = macosx;
				SWIFT_VERSION = 5.0;
				TEST_TARGET_NAME = "Dummy (macOS)";
			};
			name = Debug;
		};
		107C36C125D8149F00CEB4EC /* Release */ = {
			isa = XCBuildConfiguration;
			buildSettings = {
				ALWAYS_EMBED_SWIFT_STANDARD_LIBRARIES = YES;
				CODE_SIGN_STYLE = Automatic;
				COMBINE_HIDPI_IMAGES = YES;
				INFOPLIST_FILE = "Tests macOS/Info.plist";
				LD_RUNPATH_SEARCH_PATHS = (
					"$(inherited)",
					"@executable_path/../Frameworks",
					"@loader_path/../Frameworks",
				);
				MACOSX_DEPLOYMENT_TARGET = 11.0;
				PRODUCT_BUNDLE_IDENTIFIER = "dummy.Tests-macOS";
				PRODUCT_NAME = "$(TARGET_NAME)";
				SDKROOT = macosx;
				SWIFT_VERSION = 5.0;
				TEST_TARGET_NAME = "Dummy (macOS)";
			};
			name = Release;
		};
/* End XCBuildConfiguration section */

/* Begin XCConfigurationList section */
		107C368325D8149800CEB4EC /* Build configuration list for PBXProject "Dummy" */ = {
			isa = XCConfigurationList;
			buildConfigurations = (
				107C36B425D8149F00CEB4EC /* Debug */,
				107C36B525D8149F00CEB4EC /* Release */,
			);
			defaultConfigurationIsVisible = 0;
			defaultConfigurationName = Release;
		};
		107C36B625D8149F00CEB4EC /* Build configuration list for PBXNativeTarget "Dummy (iOS)" */ = {
			isa = XCConfigurationList;
			buildConfigurations = (
				107C36B725D8149F00CEB4EC /* Debug */,
				107C36B825D8149F00CEB4EC /* Release */,
			);
			defaultConfigurationIsVisible = 0;
			defaultConfigurationName = Release;
		};
		107C36B925D8149F00CEB4EC /* Build configuration list for PBXNativeTarget "Dummy (macOS)" */ = {
			isa = XCConfigurationList;
			buildConfigurations = (
				107C36BA25D8149F00CEB4EC /* Debug */,
				107C36BB25D8149F00CEB4EC /* Release */,
			);
			defaultConfigurationIsVisible = 0;
			defaultConfigurationName = Release;
		};
		107C36BC25D8149F00CEB4EC /* Build configuration list for PBXNativeTarget "Tests iOS" */ = {
			isa = XCConfigurationList;
			buildConfigurations = (
				107C36BD25D8149F00CEB4EC /* Debug */,
				107C36BE25D8149F00CEB4EC /* Release */,
			);
			defaultConfigurationIsVisible = 0;
			defaultConfigurationName = Release;
		};
		107C36BF25D8149F00CEB4EC /* Build configuration list for PBXNativeTarget "Tests macOS" */ = {
			isa = XCConfigurationList;
			buildConfigurations = (
				107C36C025D8149F00CEB4EC /* Debug */,
				107C36C125D8149F00CEB4EC /* Release */,
			);
			defaultConfigurationIsVisible = 0;
			defaultConfigurationName = Release;
		};
/* End XCConfigurationList section */
	};
	rootObject = 107C368025D8149800CEB4EC /* Project object */;
}
